{
  "nodes": {
    "mywm-shell": {
      "inputs": {
        "nixpkgs": [
          "nixpkgs"
        ]
      },
      "locked": {
        "lastModified": 1790700003,
        "narHash": "sha256-pmjoCwI3pTIxkuSrOw6SEAC2SfB5jW8pFqaA4A3DZtc=",
        "owner": "Chr1ssi",
        "repo": "mywm-shell",
        "rev": "782365afb50967930ccf987cb5ccc346184f32f1",
        "type": "github"
      },
      "original": {
        "owner": "Chr1ssi",
        "repo": "mywm-shell",
        "type": "github"
      }
    },
    "nixpkgs": {
      "locked": {
        "lastModified": 1790822859,
        "narHash": "sha256-69xHQhAeMAD2wDXO7T2pcOZIF9Sga2W+JkmY2a11Ops=",
        "owner": "NixOS",
        "repo": "nixpkgs",
        "rev": "c59305bab2065cfecc4944690d9eedbb56f3a9fa",
        "type": "github"
      },
      "original": {
        "owner": "NixOS",
        "ref": "nixos-unstable",
        "repo": "nixpkgs",
        "type": "github"
      }
    },
    "root": {
      "inputs": {
        "mywm-shell": "mywm-shell",
        "nixpkgs": "nixpkgs"
      }
    }
  },
  "root": "root",
  "version": 7
}
